github.com/cavaliercoder/grab v1.0.0 h1:H6VQ1NiLO7AvXM6ZyaInnoZrRLeo2FoUTQEcXln4bvQ=
github.com/cavaliercoder/grab v2.0.0+incompatible h1:wZHbBQx56+Yxjx2TCGDcenhh3cJn7cCLMfkEPmySTSE=
github.com/cavaliercoder/grab v2.0.0+incompatible/go.mod h1:tTBkfNqSBfuMmMBFaO2phgyhdYhiZQ/+iXCZDzcDsMI=
github.com/davecgh/go-spew v1.1.1/go.mod h1:J7Y8YcW2NihsgmVo/mv3lAwl/skON4iLHjSsI+c5H38=
github.com/magefile/mage v1.10.0 h1:3HiXzCUY12kh9bIuyXShaVe529fJfyqoVM42o/uom2g=
github.com/magefile/mage v1.10.0/go.mod h1:z5UZb/iS3GoOSn0JgWuiw7dxlurVYTu+/jHXqQg881A=
github.com/mitchellh/go-homedir v1.1.0 h1:lukF9ziXFxDFPkA1vsr5zpc1XuPDn/wFntq5mG+4E0Y=
github.com/mitchellh/go-homedir v1.1.0/go.mod h1:SfyaCUpYCn1Vlf4IUYiD9fPX4A5wJrkLzIz1N1q0pr0=
github.com/otiai10/copy v1.4.2 h1:RTiz2sol3eoXPLF4o+YWqEybwfUa/Q2Nkc4ZIUs3fwI=
github.com/otiai10/copy v1.4.2/go.mod h1:XWfuS3CrI0R6IE0FbgHsEazaXO8G0LpMp9o8tos0x4E=
github.com/otiai10/curr v0.0.0-20150429015615-9b4961190c95/go.mod h1:9qAhocn7zKJG+0mI8eUu6xqkFDYS2kb2saOteoSB3cE=
github.com/otiai10/curr v1.0.0/go.mod h1:LskTG5wDwr8Rs+nNQ+1LlxRjAtTZZjtJW4rMXl6j4vs=
github.com/otiai10/mint v1.3.0/go.mod h1:F5AjcsTsWUqX+Na9fpHb52P8pcRX2CI6A3ctIT91xUo=
github.com/otiai10/mint v1.3.2/go.mod h1:/yxELlJQ0ufhjUwhshSj+wFjZ78CnZ48/1wtmBH1OTc=
github.com/pmezard/go-difflib v1.0.0/go.mod h1:iKH77koFhYxTK1pcRnkKkqfTogsbg7gZNVY4sRDYZ/4=
github.com/sirupsen/logrus v1.8.0 h1:nfhvjKcUMhBMVqbKHJlk5RPrrfYr/NMo3692g0dwfWU=
github.com/sirupsen/logrus v1.8.0/go.mod h1:4GuYW9TZmE769R5STWrRakJc4UqQ3+QQ95fyz7ENv1A=
github.com/stretchr/testify v1.2.2/go.mod h1:a8OnRcib4nhh0OaRAV+Yts87kKdq0PP7pXfy6kDkUVs=
github.com/teris-io/cli v1.0.1 h1:J6jnVHC552uqx7zT+Ux0++tIvLmJQULqxVhCid2u/Gk=
github.com/teris-io/cli v1.0.1/go.mod h1:V9nVD5aZ873RU/tQXLSXO8FieVPQhQvuNohsdsKXsGw=
golang.org/x/sys v0.0.0-20191026070338-33540a1f6037 h1:YyJpGZS1sBuBCzLAR1VEpK193GlqGZbnPFnPV/5Rsb4=
golang.org/x/sys v0.0.0-20191026070338-33540a1f6037/go.mod h1:h1NjWce9XRLGQEsW7wpKNCjG9DtNlClVuFLEZdDNbEs=
